
Microsoft Visual Studio Solution File, Format Version 12.00
# Visual Studio Version 16
VisualStudioVersion = 16.0.29609.76
MinimumVisualStudioVersion = 10.0.40219.1
Project("{FAE04EC0-301F-11D3-BF4B-00C04F79EFBC}") = "ProiectRestaurant", "FormUI\ProiectRestaurant.csproj", "{A82F8A50-59FF-4D67-8213-E2E096F35B3A}"
EndProject
Global
	GlobalSection(SolutionConfigurationPlatforms) = preSolution
		Debug|Any CPU = Debug|Any CPU
		Release|Any CPU = Release|Any CPU
	EndGlobalSection
	GlobalSection(ProjectConfigurationPlatforms) = postSolution
		{A82F8A50-59FF-4D67-8213-E2E096F35B3A}.Debug|Any CPU.ActiveCfg = Debug|Any CPU
		{A82F8A50-59FF-4D67-8213-E2E096F35B3A}.Debug|Any CPU.Build.0 = Debug|Any CPU
		{A82F8A50-59FF-4D67-8213-E2E096F35B3A}.Release|Any CPU.ActiveCfg = Release|Any CPU
		{A82F8A50-59FF-4D67-8213-E2E096F35B3A}.Release|Any CPU.Build.0 = Release|Any CPU
	EndGlobalSection
	GlobalSection(SolutionProperties) = preSolution
		HideSolutionNode = FALSE
	EndGlobalSection
	GlobalSection(ExtensibilityGlobals) = postSolution
		SolutionGuid = {47DAEAC7-9E0E-44EE-A152-2A34BC7DBD19}
	EndGlobalSection
EndGlobal
